
Microsoft Visual Studio Solution File, Format Version 12.00
# Visual Studio Version 17
VisualStudioVersion = 17.12.35707.178
MinimumVisualStudioVersion = 10.0.40219.1
Project("{FAE04EC0-301F-11D3-BF4B-00C04F79EFBC}") = "DZ4", "DZ4\DZ4.csproj", "{680248B6-E5F0-48AE-84A1-4346DCA66981}"
EndProject
Project("{FAE04EC0-301F-11D3-BF4B-00C04F79EFBC}") = "DZ5", "DZ5\DZ5.csproj", "{2323AF11-3C0C-457D-A4B0-9E953A88BEAC}"
EndProject
Project("{FAE04EC0-301F-11D3-BF4B-00C04F79EFBC}") = "DZ6", "DZ6\DZ6.csproj", "{9F0D0FEE-0C9D-41A7-ADE2-E8F93E8C2D33}"
EndProject
Project("{FAE04EC0-301F-11D3-BF4B-00C04F79EFBC}") = "Dz7", "Dz7\Dz7.csproj", "{037A00C9-57D0-4A23-92BF-2CCD695DA23A}"
EndProject
Project("{FAE04EC0-301F-11D3-BF4B-00C04F79EFBC}") = "DZ6Calculator", "DZ6Calculator\DZ6Calculator.csproj", "{AF694973-FB48-4EB0-8A95-C802950FCC74}"
EndProject
Project("{FAE04EC0-301F-11D3-BF4B-00C04F79EFBC}") = "Dz7Temperature", "Dz7Temperature\Dz7Temperature.csproj", "{27CC40D0-561B-4ED3-9EE4-CCC398FB440D}"
EndProject
Project("{FAE04EC0-301F-11D3-BF4B-00C04F79EFBC}") = "DZ7.2", "DZ7.2\DZ7.2.csproj", "{EA34F210-31F5-4B7A-A6BF-86F53F5B01BA}"
EndProject
Project("{FAE04EC0-301F-11D3-BF4B-00C04F79EFBC}") = "Dz8-8", "Dz8-8\Dz8-8.csproj", "{23D047E9-F986-41A0-8A6A-E020C11F1472}"
EndProject
Project("{FAE04EC0-301F-11D3-BF4B-00C04F79EFBC}") = "Dz9", "Dz9\Dz9.csproj", "{62CDDA84-5110-4959-AA24-862B820ED47D}"
EndProject
Project("{FAE04EC0-301F-11D3-BF4B-00C04F79EFBC}") = "Dz9-1", "Dz9-1\Dz9-1.csproj", "{49A01277-688E-4824-961E-823D89120BAF}"
EndProject
Project("{FAE04EC0-301F-11D3-BF4B-00C04F79EFBC}") = "Dz10-1", "Dz10-1\Dz10-1.csproj", "{02FBBDFA-D944-4AA9-ADE6-46C9C887F2D4}"
EndProject
Project("{FAE04EC0-301F-11D3-BF4B-00C04F79EFBC}") = "DZ10-2", "DZ10-2\DZ10-2.csproj", "{321AE918-2515-4C21-B038-BCE83943408A}"
EndProject
Project("{FAE04EC0-301F-11D3-BF4B-00C04F79EFBC}") = "Dz10-10", "Dz10-10\Dz10-10.csproj", "{0735C3BB-6B66-44A8-B5D6-54716299F6D3}"
EndProject
Project("{FAE04EC0-301F-11D3-BF4B-00C04F79EFBC}") = "Dz12-1", "Dz12-1\Dz12-1.csproj", "{19DE61FF-351B-4A04-9810-A2FAEC5713EC}"
EndProject
Project("{FAE04EC0-301F-11D3-BF4B-00C04F79EFBC}") = "Dz12-2", "Dz12-2\Dz12-2.csproj", "{5D8E8D8E-838A-4FD3-B75E-6FE55FE4FC1E}"
EndProject
Project("{FAE04EC0-301F-11D3-BF4B-00C04F79EFBC}") = "12-3", "12-3\12-3.csproj", "{D97BC1CE-FA9D-4232-970B-8AB86A96F083}"
EndProject
Global
	GlobalSection(SolutionConfigurationPlatforms) = preSolution
		Debug|Any CPU = Debug|Any CPU
		Release|Any CPU = Release|Any CPU
	EndGlobalSection
	GlobalSection(ProjectConfigurationPlatforms) = postSolution
		{680248B6-E5F0-48AE-84A1-4346DCA66981}.Debug|Any CPU.ActiveCfg = Debug|Any CPU
		{680248B6-E5F0-48AE-84A1-4346DCA66981}.Debug|Any CPU.Build.0 = Debug|Any CPU
		{680248B6-E5F0-48AE-84A1-4346DCA66981}.Release|Any CPU.ActiveCfg = Release|Any CPU
		{680248B6-E5F0-48AE-84A1-4346DCA66981}.Release|Any CPU.Build.0 = Release|Any CPU
		{2323AF11-3C0C-457D-A4B0-9E953A88BEAC}.Debug|Any CPU.ActiveCfg = Debug|Any CPU
		{2323AF11-3C0C-457D-A4B0-9E953A88BEAC}.Debug|Any CPU.Build.0 = Debug|Any CPU
		{2323AF11-3C0C-457D-A4B0-9E953A88BEAC}.Release|Any CPU.ActiveCfg = Release|Any CPU
		{2323AF11-3C0C-457D-A4B0-9E953A88BEAC}.Release|Any CPU.Build.0 = Release|Any CPU
		{9F0D0FEE-0C9D-41A7-ADE2-E8F93E8C2D33}.Debug|Any CPU.ActiveCfg = Debug|Any CPU
		{9F0D0FEE-0C9D-41A7-ADE2-E8F93E8C2D33}.Debug|Any CPU.Build.0 = Debug|Any CPU
		{9F0D0FEE-0C9D-41A7-ADE2-E8F93E8C2D33}.Release|Any CPU.ActiveCfg = Release|Any CPU
		{9F0D0FEE-0C9D-41A7-ADE2-E8F93E8C2D33}.Release|Any CPU.Build.0 = Release|Any CPU
		{037A00C9-57D0-4A23-92BF-2CCD695DA23A}.Debug|Any CPU.ActiveCfg = Debug|Any CPU
		{037A00C9-57D0-4A23-92BF-2CCD695DA23A}.Debug|Any CPU.Build.0 = Debug|Any CPU
		{037A00C9-57D0-4A23-92BF-2CCD695DA23A}.Release|Any CPU.ActiveCfg = Release|Any CPU
		{037A00C9-57D0-4A23-92BF-2CCD695DA23A}.Release|Any CPU.Build.0 = Release|Any CPU
		{AF694973-FB48-4EB0-8A95-C802950FCC74}.Debug|Any CPU.ActiveCfg = Debug|Any CPU
		{AF694973-FB48-4EB0-8A95-C802950FCC74}.Debug|Any CPU.Build.0 = Debug|Any CPU
		{AF694973-FB48-4EB0-8A95-C802950FCC74}.Release|Any CPU.ActiveCfg = Release|Any CPU
		{AF694973-FB48-4EB0-8A95-C802950FCC74}.Release|Any CPU.Build.0 = Release|Any CPU
		{27CC40D0-561B-4ED3-9EE4-CCC398FB440D}.Debug|Any CPU.ActiveCfg = Debug|Any CPU
		{27CC40D0-561B-4ED3-9EE4-CCC398FB440D}.Debug|Any CPU.Build.0 = Debug|Any CPU
		{27CC40D0-561B-4ED3-9EE4-CCC398FB440D}.Release|Any CPU.ActiveCfg = Release|Any CPU
		{27CC40D0-561B-4ED3-9EE4-CCC398FB440D}.Release|Any CPU.Build.0 = Release|Any CPU
		{EA34F210-31F5-4B7A-A6BF-86F53F5B01BA}.Debug|Any CPU.ActiveCfg = Debug|Any CPU
		{EA34F210-31F5-4B7A-A6BF-86F53F5B01BA}.Debug|Any CPU.Build.0 = Debug|Any CPU
		{EA34F210-31F5-4B7A-A6BF-86F53F5B01BA}.Release|Any CPU.ActiveCfg = Release|Any CPU
		{EA34F210-31F5-4B7A-A6BF-86F53F5B01BA}.Release|Any CPU.Build.0 = Release|Any CPU
		{23D047E9-F986-41A0-8A6A-E020C11F1472}.Debug|Any CPU.ActiveCfg = Debug|Any CPU
		{23D047E9-F986-41A0-8A6A-E020C11F1472}.Debug|Any CPU.Build.0 = Debug|Any CPU
		{23D047E9-F986-41A0-8A6A-E020C11F1472}.Release|Any CPU.ActiveCfg = Release|Any CPU
		{23D047E9-F986-41A0-8A6A-E020C11F1472}.Release|Any CPU.Build.0 = Release|Any CPU
		{62CDDA84-5110-4959-AA24-862B820ED47D}.Debug|Any CPU.ActiveCfg = Debug|Any CPU
		{62CDDA84-5110-4959-AA24-862B820ED47D}.Debug|Any CPU.Build.0 = Debug|Any CPU
		{62CDDA84-5110-4959-AA24-862B820ED47D}.Release|Any CPU.ActiveCfg = Release|Any CPU
		{62CDDA84-5110-4959-AA24-862B820ED47D}.Release|Any CPU.Build.0 = Release|Any CPU
		{49A01277-688E-4824-961E-823D89120BAF}.Debug|Any CPU.ActiveCfg = Debug|Any CPU
		{49A01277-688E-4824-961E-823D89120BAF}.Debug|Any CPU.Build.0 = Debug|Any CPU
		{49A01277-688E-4824-961E-823D89120BAF}.Release|Any CPU.ActiveCfg = Release|Any CPU
		{49A01277-688E-4824-961E-823D89120BAF}.Release|Any CPU.Build.0 = Release|Any CPU
		{02FBBDFA-D944-4AA9-ADE6-46C9C887F2D4}.Debug|Any CPU.ActiveCfg = Debug|Any CPU
		{02FBBDFA-D944-4AA9-ADE6-46C9C887F2D4}.Debug|Any CPU.Build.0 = Debug|Any CPU
		{02FBBDFA-D944-4AA9-ADE6-46C9C887F2D4}.Release|Any CPU.ActiveCfg = Release|Any CPU
		{02FBBDFA-D944-4AA9-ADE6-46C9C887F2D4}.Release|Any CPU.Build.0 = Release|Any CPU
		{321AE918-2515-4C21-B038-BCE83943408A}.Debug|Any CPU.ActiveCfg = Debug|Any CPU
		{321AE918-2515-4C21-B038-BCE83943408A}.Debug|Any CPU.Build.0 = Debug|Any CPU
		{321AE918-2515-4C21-B038-BCE83943408A}.Release|Any CPU.ActiveCfg = Release|Any CPU
		{321AE918-2515-4C21-B038-BCE83943408A}.Release|Any CPU.Build.0 = Release|Any CPU
		{0735C3BB-6B66-44A8-B5D6-54716299F6D3}.Debug|Any CPU.ActiveCfg = Debug|Any CPU
		{0735C3BB-6B66-44A8-B5D6-54716299F6D3}.Debug|Any CPU.Build.0 = Debug|Any CPU
		{0735C3BB-6B66-44A8-B5D6-54716299F6D3}.Release|Any CPU.ActiveCfg = Release|Any CPU
		{0735C3BB-6B66-44A8-B5D6-54716299F6D3}.Release|Any CPU.Build.0 = Release|Any CPU
		{19DE61FF-351B-4A04-9810-A2FAEC5713EC}.Debug|Any CPU.ActiveCfg = Debug|Any CPU
		{19DE61FF-351B-4A04-9810-A2FAEC5713EC}.Debug|Any CPU.Build.0 = Debug|Any CPU
		{19DE61FF-351B-4A04-9810-A2FAEC5713EC}.Release|Any CPU.ActiveCfg = Release|Any CPU
		{19DE61FF-351B-4A04-9810-A2FAEC5713EC}.Release|Any CPU.Build.0 = Release|Any CPU
		{5D8E8D8E-838A-4FD3-B75E-6FE55FE4FC1E}.Debug|Any CPU.ActiveCfg = Debug|Any CPU
		{5D8E8D8E-838A-4FD3-B75E-6FE55FE4FC1E}.Debug|Any CPU.Build.0 = Debug|Any CPU
		{5D8E8D8E-838A-4FD3-B75E-6FE55FE4FC1E}.Release|Any CPU.ActiveCfg = Release|Any CPU
		{5D8E8D8E-838A-4FD3-B75E-6FE55FE4FC1E}.Release|Any CPU.Build.0 = Release|Any CPU
		{D97BC1CE-FA9D-4232-970B-8AB86A96F083}.Debug|Any CPU.ActiveCfg = Debug|Any CPU
		{D97BC1CE-FA9D-4232-970B-8AB86A96F083}.Debug|Any CPU.Build.0 = Debug|Any CPU
		{D97BC1CE-FA9D-4232-970B-8AB86A96F083}.Release|Any CPU.ActiveCfg = Release|Any CPU
		{D97BC1CE-FA9D-4232-970B-8AB86A96F083}.Release|Any CPU.Build.0 = Release|Any CPU
	EndGlobalSection
	GlobalSection(SolutionProperties) = preSolution
		HideSolutionNode = FALSE
	EndGlobalSection
EndGlobal
